// !$*UTF8*$!
{
	archiveVersion = 1;
	classes = {
	};
	objectVersion = 55;
	objects = {

/* Begin PBXBuildFile section */
		648E1F24E55D154A28318239 /* Pods_Suitmedia_Test.framework in Frameworks */ = {isa = PBXBuildFile; fileRef = 20A133E04CE8C290A94F7BA7 /* Pods_Suitmedia_Test.framework */; };
		D25397F4290189D80072BD2B /* AppDelegate.swift in Sources */ = {isa = PBXBuildFile; fileRef = D25397F3290189D80072BD2B /* AppDelegate.swift */; };
		D25397F6290189D80072BD2B /* SceneDelegate.swift in Sources */ = {isa = PBXBuildFile; fileRef = D25397F5290189D80072BD2B /* SceneDelegate.swift */; };
		D25397F8290189D80072BD2B /* ViewController.swift in Sources */ = {isa = PBXBuildFile; fileRef = D25397F7290189D80072BD2B /* ViewController.swift */; };
		D25397FD290189DB0072BD2B /* Assets.xcassets in Resources */ = {isa = PBXBuildFile; fileRef = D25397FC290189DB0072BD2B /* Assets.xcassets */; };
		D2539800290189DB0072BD2B /* LaunchScreen.storyboard in Resources */ = {isa = PBXBuildFile; fileRef = D25397FE290189DB0072BD2B /* LaunchScreen.storyboard */; };
		D253980A29018C7B0072BD2B /* MainVC.swift in Sources */ = {isa = PBXBuildFile; fileRef = D253980829018C7B0072BD2B /* MainVC.swift */; };
		D253980B29018C7B0072BD2B /* MainVC.xib in Resources */ = {isa = PBXBuildFile; fileRef = D253980929018C7B0072BD2B /* MainVC.xib */; };
		D253981029019E430072BD2B /* Extensions.swift in Sources */ = {isa = PBXBuildFile; fileRef = D253980F29019E430072BD2B /* Extensions.swift */; };
		D25398142901A4A00072BD2B /* WelcomeVC.swift in Sources */ = {isa = PBXBuildFile; fileRef = D25398122901A4A00072BD2B /* WelcomeVC.swift */; };
		D25398152901A4A00072BD2B /* WelcomeVC.xib in Resources */ = {isa = PBXBuildFile; fileRef = D25398132901A4A00072BD2B /* WelcomeVC.xib */; };
		D253981B2901AC380072BD2B /* ListUserVC.swift in Sources */ = {isa = PBXBuildFile; fileRef = D25398192901AC380072BD2B /* ListUserVC.swift */; };
		D253981C2901AC380072BD2B /* ListUserVC.xib in Resources */ = {isa = PBXBuildFile; fileRef = D253981A2901AC380072BD2B /* ListUserVC.xib */; };
		D25398202901ADB10072BD2B /* UserCell.swift in Sources */ = {isa = PBXBuildFile; fileRef = D253981E2901ADB10072BD2B /* UserCell.swift */; };
		D25398212901ADB10072BD2B /* UserCell.xib in Resources */ = {isa = PBXBuildFile; fileRef = D253981F2901ADB10072BD2B /* UserCell.xib */; };
		D25398242901BAF30072BD2B /* ApiConnector.swift in Sources */ = {isa = PBXBuildFile; fileRef = D25398232901BAF30072BD2B /* ApiConnector.swift */; };
		D25398262901BD460072BD2B /* Enums.swift in Sources */ = {isa = PBXBuildFile; fileRef = D25398252901BD460072BD2B /* Enums.swift */; };
		D25398292901BE5B0072BD2B /* UserApiConnector.swift in Sources */ = {isa = PBXBuildFile; fileRef = D25398282901BE5B0072BD2B /* UserApiConnector.swift */; };
		D253982C2901BF320072BD2B /* User.swift in Sources */ = {isa = PBXBuildFile; fileRef = D253982B2901BF320072BD2B /* User.swift */; };
		D253982E2901C1FA0072BD2B /* ListUserProtocol.swift in Sources */ = {isa = PBXBuildFile; fileRef = D253982D2901C1FA0072BD2B /* ListUserProtocol.swift */; };
		D25398302901C3100072BD2B /* ListUserModel.swift in Sources */ = {isa = PBXBuildFile; fileRef = D253982F2901C3100072BD2B /* ListUserModel.swift */; };
		D25398322901C3C40072BD2B /* ListUserRouter.swift in Sources */ = {isa = PBXBuildFile; fileRef = D25398312901C3C40072BD2B /* ListUserRouter.swift */; };
		D25398342901C4000072BD2B /* ListUserPresenter.swift in Sources */ = {isa = PBXBuildFile; fileRef = D25398332901C4000072BD2B /* ListUserPresenter.swift */; };
		D25398362901C48F0072BD2B /* ListUserInteractor.swift in Sources */ = {isa = PBXBuildFile; fileRef = D25398352901C48F0072BD2B /* ListUserInteractor.swift */; };
/* End PBXBuildFile section */

/* Begin PBXFileReference section */
		20A133E04CE8C290A94F7BA7 /* Pods_Suitmedia_Test.framework */ = {isa = PBXFileReference; explicitFileType = wrapper.framework; includeInIndex = 0; path = Pods_Suitmedia_Test.framework; sourceTree = BUILT_PRODUCTS_DIR; };
		3F2F461A7D263BA196C2250F /* Pods-Suitmedia Test.debug.xcconfig */ = {isa = PBXFileReference; includeInIndex = 1; lastKnownFileType = text.xcconfig; name = "Pods-Suitmedia Test.debug.xcconfig"; path = "Target Support Files/Pods-Suitmedia Test/Pods-Suitmedia Test.debug.xcconfig"; sourceTree = "<group>"; };
		9DF4FF22714DCDE177D4FAF1 /* Pods-Suitmedia Test.release.xcconfig */ = {isa = PBXFileReference; includeInIndex = 1; lastKnownFileType = text.xcconfig; name = "Pods-Suitmedia Test.release.xcconfig"; path = "Target Support Files/Pods-Suitmedia Test/Pods-Suitmedia Test.release.xcconfig"; sourceTree = "<group>"; };
		D25397F0290189D80072BD2B /* Suitmedia Test.app */ = {isa = PBXFileReference; explicitFileType = wrapper.application; includeInIndex = 0; path = "Suitmedia Test.app"; sourceTree = BUILT_PRODUCTS_DIR; };
		D25397F3290189D80072BD2B /* AppDelegate.swift */ = {isa = PBXFileReference; lastKnownFileType = sourcecode.swift; path = AppDelegate.swift; sourceTree = "<group>"; };
		D25397F5290189D80072BD2B /* SceneDelegate.swift */ = {isa = PBXFileReference; lastKnownFileType = sourcecode.swift; path = SceneDelegate.swift; sourceTree = "<group>"; };
		D25397F7290189D80072BD2B /* ViewController.swift */ = {isa = PBXFileReference; lastKnownFileType = sourcecode.swift; path = ViewController.swift; sourceTree = "<group>"; };
		D25397FC290189DB0072BD2B /* Assets.xcassets */ = {isa = PBXFileReference; lastKnownFileType = folder.assetcatalog; path = Assets.xcassets; sourceTree = "<group>"; };
		D25397FF290189DB0072BD2B /* Base */ = {isa = PBXFileReference; lastKnownFileType = file.storyboard; name = Base; path = Base.lproj/LaunchScreen.storyboard; sourceTree = "<group>"; };
		D2539801290189DB0072BD2B /* Info.plist */ = {isa = PBXFileReference; lastKnownFileType = text.plist.xml; path = Info.plist; sourceTree = "<group>"; };
		D253980829018C7B0072BD2B /* MainVC.swift */ = {isa = PBXFileReference; lastKnownFileType = sourcecode.swift; path = MainVC.swift; sourceTree = "<group>"; };
		D253980929018C7B0072BD2B /* MainVC.xib */ = {isa = PBXFileReference; lastKnownFileType = file.xib; path = MainVC.xib; sourceTree = "<group>"; };
		D253980F29019E430072BD2B /* Extensions.swift */ = {isa = PBXFileReference; lastKnownFileType = sourcecode.swift; path = Extensions.swift; sourceTree = "<group>"; };
		D25398122901A4A00072BD2B /* WelcomeVC.swift */ = {isa = PBXFileReference; lastKnownFileType = sourcecode.swift; path = WelcomeVC.swift; sourceTree = "<group>"; };
		D25398132901A4A00072BD2B /* WelcomeVC.xib */ = {isa = PBXFileReference; lastKnownFileType = file.xib; path = WelcomeVC.xib; sourceTree = "<group>"; };
		D25398192901AC380072BD2B /* ListUserVC.swift */ = {isa = PBXFileReference; lastKnownFileType = sourcecode.swift; path = ListUserVC.swift; sourceTree = "<group>"; };
		D253981A2901AC380072BD2B /* ListUserVC.xib */ = {isa = PBXFileReference; lastKnownFileType = file.xib; path = ListUserVC.xib; sourceTree = "<group>"; };
		D253981E2901ADB10072BD2B /* UserCell.swift */ = {isa = PBXFileReference; lastKnownFileType = sourcecode.swift; path = UserCell.swift; sourceTree = "<group>"; };
		D253981F2901ADB10072BD2B /* UserCell.xib */ = {isa = PBXFileReference; lastKnownFileType = file.xib; path = UserCell.xib; sourceTree = "<group>"; };
		D25398232901BAF30072BD2B /* ApiConnector.swift */ = {isa = PBXFileReference; lastKnownFileType = sourcecode.swift; path = ApiConnector.swift; sourceTree = "<group>"; };
		D25398252901BD460072BD2B /* Enums.swift */ = {isa = PBXFileReference; lastKnownFileType = sourcecode.swift; path = Enums.swift; sourceTree = "<group>"; };
		D25398282901BE5B0072BD2B /* UserApiConnector.swift */ = {isa = PBXFileReference; lastKnownFileType = sourcecode.swift; path = UserApiConnector.swift; sourceTree = "<group>"; };
		D253982B2901BF320072BD2B /* User.swift */ = {isa = PBXFileReference; lastKnownFileType = sourcecode.swift; path = User.swift; sourceTree = "<group>"; };
		D253982D2901C1FA0072BD2B /* ListUserProtocol.swift */ = {isa = PBXFileReference; lastKnownFileType = sourcecode.swift; path = ListUserProtocol.swift; sourceTree = "<group>"; };
		D253982F2901C3100072BD2B /* ListUserModel.swift */ = {isa = PBXFileReference; lastKnownFileType = sourcecode.swift; path = ListUserModel.swift; sourceTree = "<group>"; };
		D25398312901C3C40072BD2B /* ListUserRouter.swift */ = {isa = PBXFileReference; lastKnownFileType = sourcecode.swift; path = ListUserRouter.swift; sourceTree = "<group>"; };
		D25398332901C4000072BD2B /* ListUserPresenter.swift */ = {isa = PBXFileReference; lastKnownFileType = sourcecode.swift; path = ListUserPresenter.swift; sourceTree = "<group>"; };
		D25398352901C48F0072BD2B /* ListUserInteractor.swift */ = {isa = PBXFileReference; lastKnownFileType = sourcecode.swift; path = ListUserInteractor.swift; sourceTree = "<group>"; };
/* End PBXFileReference section */

/* Begin PBXFrameworksBuildPhase section */
		D25397ED290189D80072BD2B /* Frameworks */ = {
			isa = PBXFrameworksBuildPhase;
			buildActionMask = 2147483647;
			files = (
				648E1F24E55D154A28318239 /* Pods_Suitmedia_Test.framework in Frameworks */,
			);
			runOnlyForDeploymentPostprocessing = 0;
		};
/* End PBXFrameworksBuildPhase section */

/* Begin PBXGroup section */
		C96A3B37653D58A2DEEDD4F3 /* Frameworks */ = {
			isa = PBXGroup;
			children = (
				20A133E04CE8C290A94F7BA7 /* Pods_Suitmedia_Test.framework */,
			);
			name = Frameworks;
			sourceTree = "<group>";
		};
		D25397E7290189D80072BD2B = {
			isa = PBXGroup;
			children = (
				D25397F2290189D80072BD2B /* Suitmedia Test */,
				D25397F1290189D80072BD2B /* Products */,
				E21163BD62374A9A68265318 /* Pods */,
				C96A3B37653D58A2DEEDD4F3 /* Frameworks */,
			);
			sourceTree = "<group>";
		};
		D25397F1290189D80072BD2B /* Products */ = {
			isa = PBXGroup;
			children = (
				D25397F0290189D80072BD2B /* Suitmedia Test.app */,
			);
			name = Products;
			sourceTree = "<group>";
		};
		D25397F2290189D80072BD2B /* Suitmedia Test */ = {
			isa = PBXGroup;
			children = (
				D253982A2901BF1B0072BD2B /* Model */,
				D25398272901BE3E0072BD2B /* Api */,
				D253980E29019E330072BD2B /* Helper */,
				D253980D290198990072BD2B /* Resources */,
				D253981D2901AD840072BD2B /* Components */,
				D253980729018C490072BD2B /* Scenes */,
				D25397F3290189D80072BD2B /* AppDelegate.swift */,
				D25397F5290189D80072BD2B /* SceneDelegate.swift */,
				D25397F7290189D80072BD2B /* ViewController.swift */,
				D25397FE290189DB0072BD2B /* LaunchScreen.storyboard */,
				D2539801290189DB0072BD2B /* Info.plist */,
			);
			path = "Suitmedia Test";
			sourceTree = "<group>";
		};
		D253980729018C490072BD2B /* Scenes */ = {
			isa = PBXGroup;
			children = (
				D25398182901AC1F0072BD2B /* ListUser */,
				D25398112901A48C0072BD2B /* Welcome */,
				D253980C2901901C0072BD2B /* Main */,
			);
			path = Scenes;
			sourceTree = "<group>";
		};
		D253980C2901901C0072BD2B /* Main */ = {
			isa = PBXGroup;
			children = (
				D253980829018C7B0072BD2B /* MainVC.swift */,
				D253980929018C7B0072BD2B /* MainVC.xib */,
			);
			path = Main;
			sourceTree = "<group>";
		};
		D253980D290198990072BD2B /* Resources */ = {
			isa = PBXGroup;
			children = (
				D25397FC290189DB0072BD2B /* Assets.xcassets */,
			);
			path = Resources;
			sourceTree = "<group>";
		};
		D253980E29019E330072BD2B /* Helper */ = {
			isa = PBXGroup;
			children = (
				D253980F29019E430072BD2B /* Extensions.swift */,
				D25398232901BAF30072BD2B /* ApiConnector.swift */,
				D25398252901BD460072BD2B /* Enums.swift */,
			);
			path = Helper;
			sourceTree = "<group>";
		};
		D25398112901A48C0072BD2B /* Welcome */ = {
			isa = PBXGroup;
			children = (
				D25398122901A4A00072BD2B /* WelcomeVC.swift */,
				D25398132901A4A00072BD2B /* WelcomeVC.xib */,
			);
			path = Welcome;
			sourceTree = "<group>";
		};
		D25398182901AC1F0072BD2B /* ListUser */ = {
			isa = PBXGroup;
			children = (
				D25398192901AC380072BD2B /* ListUserVC.swift */,
				D253981A2901AC380072BD2B /* ListUserVC.xib */,
				D253982D2901C1FA0072BD2B /* ListUserProtocol.swift */,
				D253982F2901C3100072BD2B /* ListUserModel.swift */,
				D25398312901C3C40072BD2B /* ListUserRouter.swift */,
				D25398332901C4000072BD2B /* ListUserPresenter.swift */,
				D25398352901C48F0072BD2B /* ListUserInteractor.swift */,
			);
			path = ListUser;
			sourceTree = "<group>";
		};
		D253981D2901AD840072BD2B /* Components */ = {
			isa = PBXGroup;
			children = (
				D25398222901ADBD0072BD2B /* Cells */,
			);
			path = Components;
			sourceTree = "<group>";
		};
		D25398222901ADBD0072BD2B /* Cells */ = {
			isa = PBXGroup;
			children = (
				D253981E2901ADB10072BD2B /* UserCell.swift */,
				D253981F2901ADB10072BD2B /* UserCell.xib */,
			);
			path = Cells;
			sourceTree = "<group>";
		};
		D25398272901BE3E0072BD2B /* Api */ = {
			isa = PBXGroup;
			children = (
				D25398282901BE5B0072BD2B /* UserApiConnector.swift */,
			);
			path = Api;
			sourceTree = "<group>";
		};
		D253982A2901BF1B0072BD2B /* Model */ = {
			isa = PBXGroup;
			children = (
				D253982B2901BF320072BD2B /* User.swift */,
			);
			path = Model;
			sourceTree = "<group>";
		};
		E21163BD62374A9A68265318 /* Pods */ = {
			isa = PBXGroup;
			children = (
				3F2F461A7D263BA196C2250F /* Pods-Suitmedia Test.debug.xcconfig */,
				9DF4FF22714DCDE177D4FAF1 /* Pods-Suitmedia Test.release.xcconfig */,
			);
			path = Pods;
			sourceTree = "<group>";
		};
/* End PBXGroup section */

/* Begin PBXNativeTarget section */
		D25397EF290189D80072BD2B /* Suitmedia Test */ = {
			isa = PBXNativeTarget;
			buildConfigurationList = D2539804290189DB0072BD2B /* Build configuration list for PBXNativeTarget "Suitmedia Test" */;
			buildPhases = (
				ADB66B8C4BB114CFEC0ED0EE /* [CP] Check Pods Manifest.lock */,
				D25397EC290189D80072BD2B /* Sources */,
				D25397ED290189D80072BD2B /* Frameworks */,
				D25397EE290189D80072BD2B /* Resources */,
				7EB29ABFE87FB007CEAF5D3E /* [CP] Embed Pods Frameworks */,
			);
			buildRules = (
			);
			dependencies = (
			);
			name = "Suitmedia Test";
			productName = "Suitmedia Test";
			productReference = D25397F0290189D80072BD2B /* Suitmedia Test.app */;
			productType = "com.apple.product-type.application";
		};
/* End PBXNativeTarget section */

/* Begin PBXProject section */
		D25397E8290189D80072BD2B /* Project object */ = {
			isa = PBXProject;
			attributes = {
				BuildIndependentTargetsInParallel = 1;
				LastSwiftUpdateCheck = 1320;
				LastUpgradeCheck = 1320;
				TargetAttributes = {
					D25397EF290189D80072BD2B = {
						CreatedOnToolsVersion = 13.2.1;
					};
				};
			};
			buildConfigurationList = D25397EB290189D80072BD2B /* Build configuration list for PBXProject "Suitmedia Test" */;
			compatibilityVersion = "Xcode 13.0";
			developmentRegion = en;
			hasScannedForEncodings = 0;
			knownRegions = (
				en,
				Base,
			);
			mainGroup = D25397E7290189D80072BD2B;
			productRefGroup = D25397F1290189D80072BD2B /* Products */;
			projectDirPath = "";
			projectRoot = "";
			targets = (
				D25397EF290189D80072BD2B /* Suitmedia Test */,
			);
		};
/* End PBXProject section */

/* Begin PBXResourcesBuildPhase section */
		D25397EE290189D80072BD2B /* Resources */ = {
			isa = PBXResourcesBuildPhase;
			buildActionMask = 2147483647;
			files = (
				D253981C2901AC380072BD2B /* ListUserVC.xib in Resources */,
				D253980B29018C7B0072BD2B /* MainVC.xib in Resources */,
				D25398212901ADB10072BD2B /* UserCell.xib in Resources */,
				D2539800290189DB0072BD2B /* LaunchScreen.storyboard in Resources */,
				D25397FD290189DB0072BD2B /* Assets.xcassets in Resources */,
				D25398152901A4A00072BD2B /* WelcomeVC.xib in Resources */,
			);
			runOnlyForDeploymentPostprocessing = 0;
		};
/* End PBXResourcesBuildPhase section */

/* Begin PBXShellScriptBuildPhase section */
		7EB29ABFE87FB007CEAF5D3E /* [CP] Embed Pods Frameworks */ = {
			isa = PBXShellScriptBuildPhase;
			buildActionMask = 2147483647;
			files = (
			);
			inputFileListPaths = (
				"${PODS_ROOT}/Target Support Files/Pods-Suitmedia Test/Pods-Suitmedia Test-frameworks-${CONFIGURATION}-input-files.xcfilelist",
			);
			name = "[CP] Embed Pods Frameworks";
			outputFileListPaths = (
				"${PODS_ROOT}/Target Support Files/Pods-Suitmedia Test/Pods-Suitmedia Test-frameworks-${CONFIGURATION}-output-files.xcfilelist",
			);
			runOnlyForDeploymentPostprocessing = 0;
			shellPath = /bin/sh;
			shellScript = "\"${PODS_ROOT}/Target Support Files/Pods-Suitmedia Test/Pods-Suitmedia Test-frameworks.sh\"\n";
			showEnvVarsInLog = 0;
		};
		ADB66B8C4BB114CFEC0ED0EE /* [CP] Check Pods Manifest.lock */ = {
			isa = PBXShellScriptBuildPhase;
			buildActionMask = 2147483647;
			files = (
			);
			inputFileListPaths = (
			);
			inputPaths = (
				"${PODS_PODFILE_DIR_PATH}/Podfile.lock",
				"${PODS_ROOT}/Manifest.lock",
			);
			name = "[CP] Check Pods Manifest.lock";
			outputFileListPaths = (
			);
			outputPaths = (
				"$(DERIVED_FILE_DIR)/Pods-Suitmedia Test-checkManifestLockResult.txt",
			);
			runOnlyForDeploymentPostprocessing = 0;
			shellPath = /bin/sh;
			shellScript = "diff \"${PODS_PODFILE_DIR_PATH}/Podfile.lock\" \"${PODS_ROOT}/Manifest.lock\" > /dev/null\nif [ $? != 0 ] ; then\n    # print error to STDERR\n    echo \"error: The sandbox is not in sync with the Podfile.lock. Run 'pod install' or update your CocoaPods installation.\" >&2\n    exit 1\nfi\n# This output is used by Xcode 'outputs' to avoid re-running this script phase.\necho \"SUCCESS\" > \"${SCRIPT_OUTPUT_FILE_0}\"\n";
			showEnvVarsInLog = 0;
		};
/* End PBXShellScriptBuildPhase section */

/* Begin PBXSourcesBuildPhase section */
		D25397EC290189D80072BD2B /* Sources */ = {
			isa = PBXSourcesBuildPhase;
			buildActionMask = 2147483647;
			files = (
				D25398302901C3100072BD2B /* ListUserModel.swift in Sources */,
				D25398202901ADB10072BD2B /* UserCell.swift in Sources */,
				D253982E2901C1FA0072BD2B /* ListUserProtocol.swift in Sources */,
				D253981029019E430072BD2B /* Extensions.swift in Sources */,
				D25398262901BD460072BD2B /* Enums.swift in Sources */,
				D25398342901C4000072BD2B /* ListUserPresenter.swift in Sources */,
				D25397F8290189D80072BD2B /* ViewController.swift in Sources */,
				D25398292901BE5B0072BD2B /* UserApiConnector.swift in Sources */,
				D253980A29018C7B0072BD2B /* MainVC.swift in Sources */,
				D25398142901A4A00072BD2B /* WelcomeVC.swift in Sources */,
				D25397F4290189D80072BD2B /* AppDelegate.swift in Sources */,
				D253982C2901BF320072BD2B /* User.swift in Sources */,
				D25397F6290189D80072BD2B /* SceneDelegate.swift in Sources */,
				D25398242901BAF30072BD2B /* ApiConnector.swift in Sources */,
				D25398322901C3C40072BD2B /* ListUserRouter.swift in Sources */,
				D253981B2901AC380072BD2B /* ListUserVC.swift in Sources */,
				D25398362901C48F0072BD2B /* ListUserInteractor.swift in Sources */,
			);
			runOnlyForDeploymentPostprocessing = 0;
		};
/* End PBXSourcesBuildPhase section */

/* Begin PBXVariantGroup section */
		D25397FE290189DB0072BD2B /* LaunchScreen.storyboard */ = {
			isa = PBXVariantGroup;
			children = (
				D25397FF290189DB0072BD2B /* Base */,
			);
			name = LaunchScreen.storyboard;
			sourceTree = "<group>";
		};
/* End PBXVariantGroup section */

/* Begin XCBuildConfiguration section */
		D2539802290189DB0072BD2B /* Debug */ = {
			isa = XCBuildConfiguration;
			buildSettings = {
				ALWAYS_SEARCH_USER_PATHS = NO;
				CLANG_ANALYZER_NONNULL = YES;
				CLANG_ANALYZER_NUMBER_OBJECT_CONVERSION = YES_AGGRESSIVE;
				CLANG_CXX_LANGUAGE_STANDARD = "gnu++17";
				CLANG_CXX_LIBRARY = "libc++";
				CLANG_ENABLE_MODULES = YES;
				CLANG_ENABLE_OBJC_ARC = YES;
				CLANG_ENABLE_OBJC_WEAK = YES;
				CLANG_WARN_BLOCK_CAPTURE_AUTORELEASING = YES;
				CLANG_WARN_BOOL_CONVERSION = YES;
				CLANG_WARN_COMMA = YES;
				CLANG_WARN_CONSTANT_CONVERSION = YES;
				CLANG_WARN_DEPRECATED_OBJC_IMPLEMENTATIONS = YES;
				CLANG_WARN_DIRECT_OBJC_ISA_USAGE = YES_ERROR;
				CLANG_WARN_DOCUMENTATION_COMMENTS = YES;
				CLANG_WARN_EMPTY_BODY = YES;
				CLANG_WARN_ENUM_CONVERSION = YES;
				CLANG_WARN_INFINITE_RECURSION = YES;
				CLANG_WARN_INT_CONVERSION = YES;
				CLANG_WARN_NON_LITERAL_NULL_CONVERSION = YES;
				CLANG_WARN_OBJC_IMPLICIT_RETAIN_SELF = YES;
				CLANG_WARN_OBJC_LITERAL_CONVERSION = YES;
				CLANG_WARN_OBJC_ROOT_CLASS = YES_ERROR;
				CLANG_WARN_QUOTED_INCLUDE_IN_FRAMEWORK_HEADER = YES;
				CLANG_WARN_RANGE_LOOP_ANALYSIS = YES;
				CLANG_WARN_STRICT_PROTOTYPES = YES;
				CLANG_WARN_SUSPICIOUS_MOVE = YES;
				CLANG_WARN_UNGUARDED_AVAILABILITY = YES_AGGRESSIVE;
				CLANG_WARN_UNREACHABLE_CODE = YES;
				CLANG_WARN__DUPLICATE_METHOD_MATCH = YES;
				COPY_PHASE_STRIP = NO;
				DEBUG_INFORMATION_FORMAT = dwarf;
				ENABLE_STRICT_OBJC_MSGSEND = YES;
				ENABLE_TESTABILITY = YES;
				GCC_C_LANGUAGE_STANDARD = gnu11;
				GCC_DYNAMIC_NO_PIC = NO;
				GCC_NO_COMMON_BLOCKS = YES;
				GCC_OPTIMIZATION_LEVEL = 0;
				GCC_PREPROCESSOR_DEFINITIONS = (
					"DEBUG=1",
					"$(inherited)",
				);
				GCC_WARN_64_TO_32_BIT_CONVERSION = YES;
				GCC_WARN_ABOUT_RETURN_TYPE = YES_ERROR;
				GCC_WARN_UNDECLARED_SELECTOR = YES;
				GCC_WARN_UNINITIALIZED_AUTOS = YES_AGGRESSIVE;
				GCC_WARN_UNUSED_FUNCTION = YES;
				GCC_WARN_UNUSED_VARIABLE = YES;
				IPHONEOS_DEPLOYMENT_TARGET = 15.2;
				MTL_ENABLE_DEBUG_INFO = INCLUDE_SOURCE;
				MTL_FAST_MATH = YES;
				ONLY_ACTIVE_ARCH = YES;
				SDKROOT = iphoneos;
				SWIFT_ACTIVE_COMPILATION_CONDITIONS = DEBUG;
				SWIFT_OPTIMIZATION_LEVEL = "-Onone";
			};
			name = Debug;
		};
		D2539803290189DB0072BD2B /* Release */ = {
			isa = XCBuildConfiguration;
			buildSettings = {
				ALWAYS_SEARCH_USER_PATHS = NO;
				CLANG_ANALYZER_NONNULL = YES;
				CLANG_ANALYZER_NUMBER_OBJECT_CONVERSION = YES_AGGRESSIVE;
				CLANG_CXX_LANGUAGE_STANDARD = "gnu++17";
				CLANG_CXX_LIBRARY = "libc++";
				CLANG_ENABLE_MODULES = YES;
				CLANG_ENABLE_OBJC_ARC = YES;
				CLANG_ENABLE_OBJC_WEAK = YES;
				CLANG_WARN_BLOCK_CAPTURE_AUTORELEASING = YES;
				CLANG_WARN_BOOL_CONVERSION = YES;
				CLANG_WARN_COMMA = YES;
				CLANG_WARN_CONSTANT_CONVERSION = YES;
				CLANG_WARN_DEPRECATED_OBJC_IMPLEMENTATIONS = YES;
				CLANG_WARN_DIRECT_OBJC_ISA_USAGE = YES_ERROR;
				CLANG_WARN_DOCUMENTATION_COMMENTS = YES;
				CLANG_WARN_EMPTY_BODY = YES;
				CLANG_WARN_ENUM_CONVERSION = YES;
				CLANG_WARN_INFINITE_RECURSION = YES;
				CLANG_WARN_INT_CONVERSION = YES;
				CLANG_WARN_NON_LITERAL_NULL_CONVERSION = YES;
				CLANG_WARN_OBJC_IMPLICIT_RETAIN_SELF = YES;
				CLANG_WARN_OBJC_LITERAL_CONVERSION = YES;
				CLANG_WARN_OBJC_ROOT_CLASS = YES_ERROR;
				CLANG_WARN_QUOTED_INCLUDE_IN_FRAMEWORK_HEADER = YES;
				CLANG_WARN_RANGE_LOOP_ANALYSIS = YES;
				CLANG_WARN_STRICT_PROTOTYPES = YES;
				CLANG_WARN_SUSPICIOUS_MOVE = YES;
				CLANG_WARN_UNGUARDED_AVAILABILITY = YES_AGGRESSIVE;
				CLANG_WARN_UNREACHABLE_CODE = YES;
				CLANG_WARN__DUPLICATE_METHOD_MATCH = YES;
				COPY_PHASE_STRIP = NO;
				DEBUG_INFORMATION_FORMAT = "dwarf-with-dsym";
				ENABLE_NS_ASSERTIONS = NO;
				ENABLE_STRICT_OBJC_MSGSEND = YES;
				GCC_C_LANGUAGE_STANDARD = gnu11;
				GCC_NO_COMMON_BLOCKS = YES;
				GCC_WARN_64_TO_32_BIT_CONVERSION = YES;
				GCC_WARN_ABOUT_RETURN_TYPE = YES_ERROR;
				GCC_WARN_UNDECLARED_SELECTOR = YES;
				GCC_WARN_UNINITIALIZED_AUTOS = YES_AGGRESSIVE;
				GCC_WARN_UNUSED_FUNCTION = YES;
				GCC_WARN_UNUSED_VARIABLE = YES;
				IPHONEOS_DEPLOYMENT_TARGET = 15.2;
				MTL_ENABLE_DEBUG_INFO = NO;
				MTL_FAST_MATH = YES;
				SDKROOT = iphoneos;
				SWIFT_COMPILATION_MODE = wholemodule;
				SWIFT_OPTIMIZATION_LEVEL = "-O";
				VALIDATE_PRODUCT = YES;
			};
			name = Release;
		};
		D2539805290189DB0072BD2B /* Debug */ = {
			isa = XCBuildConfiguration;
			baseConfigurationReference = 3F2F461A7D263BA196C2250F /* Pods-Suitmedia Test.debug.xcconfig */;
			buildSettings = {
				ASSETCATALOG_COMPILER_APPICON_NAME = AppIcon;
				ASSETCATALOG_COMPILER_GLOBAL_ACCENT_COLOR_NAME = AccentColor;
				CODE_SIGN_STYLE = Automatic;
				CURRENT_PROJECT_VERSION = 1;
				DEVELOPMENT_TEAM = 5VN54WRHKF;
				GENERATE_INFOPLIST_FILE = YES;
				INFOPLIST_FILE = "Suitmedia Test/Info.plist";
				INFOPLIST_KEY_UIApplicationSupportsIndirectInputEvents = YES;
				INFOPLIST_KEY_UILaunchStoryboardName = LaunchScreen;
				INFOPLIST_KEY_UISupportedInterfaceOrientations_iPad = "UIInterfaceOrientationPortrait UIInterfaceOrientationPortraitUpsideDown UIInterfaceOrientationLandscapeLeft UIInterfaceOrientationLandscapeRight";
				INFOPLIST_KEY_UISupportedInterfaceOrientations_iPhone = "UIInterfaceOrientationPortrait UIInterfaceOrientationLandscapeLeft UIInterfaceOrientationLandscapeRight";
				LD_RUNPATH_SEARCH_PATHS = (
					"$(inherited)",
					"@executable_path/Frameworks",
				);
				MARKETING_VERSION = 1.0;
				PRODUCT_BUNDLE_IDENTIFIER = "com.alunparanggi.Suitmedia-Test";
				PRODUCT_NAME = "$(TARGET_NAME)";
				SWIFT_EMIT_LOC_STRINGS = YES;
				SWIFT_VERSION = 5.0;
				TARGETED_DEVICE_FAMILY = 1;
			};
			name = Debug;
		};
		D2539806290189DB0072BD2B /* Release */ = {
			isa = XCBuildConfiguration;
			baseConfigurationReference = 9DF4FF22714DCDE177D4FAF1 /* Pods-Suitmedia Test.release.xcconfig */;
			buildSettings = {
				ASSETCATALOG_COMPILER_APPICON_NAME = AppIcon;
				ASSETCATALOG_COMPILER_GLOBAL_ACCENT_COLOR_NAME = AccentColor;
				CODE_SIGN_STYLE = Automatic;
				CURRENT_PROJECT_VERSION = 1;
				DEVELOPMENT_TEAM = 5VN54WRHKF;
				GENERATE_INFOPLIST_FILE = YES;
				INFOPLIST_FILE = "Suitmedia Test/Info.plist";
				INFOPLIST_KEY_UIApplicationSupportsIndirectInputEvents = YES;
				INFOPLIST_KEY_UILaunchStoryboardName = LaunchScreen;
				INFOPLIST_KEY_UISupportedInterfaceOrientations_iPad = "UIInterfaceOrientationPortrait UIInterfaceOrientationPortraitUpsideDown UIInterfaceOrientationLandscapeLeft UIInterfaceOrientationLandscapeRight";
				INFOPLIST_KEY_UISupportedInterfaceOrientations_iPhone = "UIInterfaceOrientationPortrait UIInterfaceOrientationLandscapeLeft UIInterfaceOrientationLandscapeRight";
				LD_RUNPATH_SEARCH_PATHS = (
					"$(inherited)",
					"@executable_path/Frameworks",
				);
				MARKETING_VERSION = 1.0;
				PRODUCT_BUNDLE_IDENTIFIER = "com.alunparanggi.Suitmedia-Test";
				PRODUCT_NAME = "$(TARGET_NAME)";
				SWIFT_EMIT_LOC_STRINGS = YES;
				SWIFT_VERSION = 5.0;
				TARGETED_DEVICE_FAMILY = 1;
			};
			name = Release;
		};
/* End XCBuildConfiguration section */

/* Begin XCConfigurationList section */
		D25397EB290189D80072BD2B /* Build configuration list for PBXProject "Suitmedia Test" */ = {
			isa = XCConfigurationList;
			buildConfigurations = (
				D2539802290189DB0072BD2B /* Debug */,
				D2539803290189DB0072BD2B /* Release */,
			);
			defaultConfigurationIsVisible = 0;
			defaultConfigurationName = Release;
		};
		D2539804290189DB0072BD2B /* Build configuration list for PBXNativeTarget "Suitmedia Test" */ = {
			isa = XCConfigurationList;
			buildConfigurations = (
				D2539805290189DB0072BD2B /* Debug */,
				D2539806290189DB0072BD2B /* Release */,
			);
			defaultConfigurationIsVisible = 0;
			defaultConfigurationName = Release;
		};
/* End XCConfigurationList section */
	};
	rootObject = D25397E8290189D80072BD2B /* Project object */;
}
